# This file was autogenerated by Stack.
# You should not edit this file by hand.
# For more information, please see the documentation at:
#   https://docs.haskellstack.org/en/stable/lock_files

packages:
- completed:
    hackage: repa-3.4.1.4@sha256:70ef4758937baa29be1ac0a78ecbccf341b3f276c9efb632b4829eea80445e2d,3315
    pantry-tree:
      size: 2965
      sha256: 294773b0e6be4a4198133715d4c7f2d0d8e5aec4adea7e59578d1b3823a7879d
  original:
    hackage: repa-3.4.1.4
- completed:
    name: hacca
    version: 0.1.0.0
    git: https://github.com/yuki2501/hacca
    pantry-tree:
      size: 835
      sha256: 2ce53de2822ab596dc516da133119c8b144c156d26529206e6b063d682563ac9
    commit: 6e2b8593677f928ff2f988f88f49dabd814721ad
  original:
    git: https://github.com/yuki2501/hacca
    commit: 6e2b8593677f928ff2f988f88f49dabd814721ad
snapshots:
- completed:
    size: 534126
    url: https://raw.githubusercontent.com/commercialhaskell/stackage-snapshots/master/lts/16/31.yaml
    sha256: 637fb77049b25560622a224845b7acfe81a09fdb6a96a3c75997a10b651667f6
  original:
    url: https://raw.githubusercontent.com/commercialhaskell/stackage-snapshots/master/lts/16/31.yaml
