# This file was autogenerated by Stack.
# You should not edit this file by hand.
# For more information, please see the documentation at:
#   https://docs.haskellstack.org/en/stable/lock_files

packages:
- completed:
    hackage: repa-3.4.1.4@sha256:70ef4758937baa29be1ac0a78ecbccf341b3f276c9efb632b4829eea80445e2d,3315
    pantry-tree:
      size: 2965
      sha256: 294773b0e6be4a4198133715d4c7f2d0d8e5aec4adea7e59578d1b3823a7879d
  original:
    hackage: repa-3.4.1.4
- completed:
    hackage: repa-algorithms-3.4.1.3@sha256:d549d0d0d9534be7e89b1e995d1eaaf8cb97a450c033b4424d8ae192ac0e6b53,1955
    pantry-tree:
      size: 938
      sha256: 48f85b02ef4ff33c690f1d78b2ce86685f8112e70ef7500e01adae2a1097c1aa
  original:
    hackage: repa-algorithms-3.4.1.3
- completed:
    name: hacca
    version: 0.1.0.0
    git: https://github.com/yuki2501/hacca
    pantry-tree:
      size: 835
      sha256: 31da4f7ba6778355af23bdc939b91f5ccca66bff117aca2805b4c15792e9a516
    commit: 297447743889a9c82215b15ed398c867e5d9fcc9
  original:
    git: https://github.com/yuki2501/hacca
    commit: 297447743889a9c82215b15ed398c867e5d9fcc9
snapshots:
- completed:
    size: 534126
    url: https://raw.githubusercontent.com/commercialhaskell/stackage-snapshots/master/lts/16/31.yaml
    sha256: 637fb77049b25560622a224845b7acfe81a09fdb6a96a3c75997a10b651667f6
  original:
    url: https://raw.githubusercontent.com/commercialhaskell/stackage-snapshots/master/lts/16/31.yaml
